// !$*UTF8*$!
{
	archiveVersion = 1;
	classes = {
	};
	objectVersion = 48;
	objects = {

/* Begin PBXBuildFile section */
		01293CC11FF8840D00A5E878 /* ReadingManager.swift in Sources */ = {isa = PBXBuildFile; fileRef = 01293CC01FF8840D00A5E878 /* ReadingManager.swift */; };
		01293CC31FF88D2500A5E878 /* Service.swift in Sources */ = {isa = PBXBuildFile; fileRef = 01293CC21FF88D2500A5E878 /* Service.swift */; };
		016BC5FF1FF4C1D90069DC46 /* AppDelegate.swift in Sources */ = {isa = PBXBuildFile; fileRef = 016BC5FE1FF4C1D90069DC46 /* AppDelegate.swift */; };
		016BC6041FF4C1D90069DC46 /* Main.storyboard in Resources */ = {isa = PBXBuildFile; fileRef = 016BC6021FF4C1D90069DC46 /* Main.storyboard */; };
		016BC6071FF4C1D90069DC46 /* ClimbRecorder.xcdatamodeld in Sources */ = {isa = PBXBuildFile; fileRef = 016BC6051FF4C1D90069DC46 /* ClimbRecorder.xcdatamodeld */; };
		016BC6091FF4C1D90069DC46 /* Assets.xcassets in Resources */ = {isa = PBXBuildFile; fileRef = 016BC6081FF4C1D90069DC46 /* Assets.xcassets */; };
		016BC60C1FF4C1D90069DC46 /* LaunchScreen.storyboard in Resources */ = {isa = PBXBuildFile; fileRef = 016BC60A1FF4C1D90069DC46 /* LaunchScreen.storyboard */; };
		016BC6171FF4C1D90069DC46 /* ClimbRecorderTests.swift in Sources */ = {isa = PBXBuildFile; fileRef = 016BC6161FF4C1D90069DC46 /* ClimbRecorderTests.swift */; };
		016BC6221FF4C3610069DC46 /* GoogleService-Info.plist in Resources */ = {isa = PBXBuildFile; fileRef = 016BC6211FF4C3610069DC46 /* GoogleService-Info.plist */; };
		016BC6251FF4C50D0069DC46 /* RecorderController.swift in Sources */ = {isa = PBXBuildFile; fileRef = 016BC6241FF4C50D0069DC46 /* RecorderController.swift */; };
		016BC6271FF58B440069DC46 /* DatabaseManager.swift in Sources */ = {isa = PBXBuildFile; fileRef = 016BC6261FF58B440069DC46 /* DatabaseManager.swift */; };
		4E0413007A7BA70AF2BBA25D /* Pods_ClimbRecorder.framework in Frameworks */ = {isa = PBXBuildFile; fileRef = DA4DC73CBBC48E6F7FCD1D09 /* Pods_ClimbRecorder.framework */; };
		D728C2BAE0993E58DB2B165E /* Pods_ClimbRecorderTests.framework in Frameworks */ = {isa = PBXBuildFile; fileRef = 731614ACDB798182FA219F63 /* Pods_ClimbRecorderTests.framework */; };
/* End PBXBuildFile section */

/* Begin PBXContainerItemProxy section */
		016BC6131FF4C1D90069DC46 /* PBXContainerItemProxy */ = {
			isa = PBXContainerItemProxy;
			containerPortal = 016BC5F31FF4C1D90069DC46 /* Project object */;
			proxyType = 1;
			remoteGlobalIDString = 016BC5FA1FF4C1D90069DC46;
			remoteInfo = ClimbRecorder;
		};
/* End PBXContainerItemProxy section */

/* Begin PBXFileReference section */
		01293CC01FF8840D00A5E878 /* ReadingManager.swift */ = {isa = PBXFileReference; lastKnownFileType = sourcecode.swift; path = ReadingManager.swift; sourceTree = "<group>"; };
		01293CC21FF88D2500A5E878 /* Service.swift */ = {isa = PBXFileReference; lastKnownFileType = sourcecode.swift; path = Service.swift; sourceTree = "<group>"; };
		0137A35E290B04B13208FBA0 /* Pods-ClimbRecorder.release.xcconfig */ = {isa = PBXFileReference; includeInIndex = 1; lastKnownFileType = text.xcconfig; name = "Pods-ClimbRecorder.release.xcconfig"; path = "Pods/Target Support Files/Pods-ClimbRecorder/Pods-ClimbRecorder.release.xcconfig"; sourceTree = "<group>"; };
		016BC5FB1FF4C1D90069DC46 /* ClimbRecorder.app */ = {isa = PBXFileReference; explicitFileType = wrapper.application; includeInIndex = 0; path = ClimbRecorder.app; sourceTree = BUILT_PRODUCTS_DIR; };
		016BC5FE1FF4C1D90069DC46 /* AppDelegate.swift */ = {isa = PBXFileReference; lastKnownFileType = sourcecode.swift; path = AppDelegate.swift; sourceTree = "<group>"; };
		016BC6031FF4C1D90069DC46 /* Base */ = {isa = PBXFileReference; lastKnownFileType = file.storyboard; name = Base; path = Base.lproj/Main.storyboard; sourceTree = "<group>"; };
		016BC6061FF4C1D90069DC46 /* ClimbRecorder.xcdatamodel */ = {isa = PBXFileReference; lastKnownFileType = wrapper.xcdatamodel; path = ClimbRecorder.xcdatamodel; sourceTree = "<group>"; };
		016BC6081FF4C1D90069DC46 /* Assets.xcassets */ = {isa = PBXFileReference; lastKnownFileType = folder.assetcatalog; path = Assets.xcassets; sourceTree = "<group>"; };
		016BC60B1FF4C1D90069DC46 /* Base */ = {isa = PBXFileReference; lastKnownFileType = file.storyboard; name = Base; path = Base.lproj/LaunchScreen.storyboard; sourceTree = "<group>"; };
		016BC60D1FF4C1D90069DC46 /* Info.plist */ = {isa = PBXFileReference; lastKnownFileType = text.plist.xml; path = Info.plist; sourceTree = "<group>"; };
		016BC6121FF4C1D90069DC46 /* ClimbRecorderTests.xctest */ = {isa = PBXFileReference; explicitFileType = wrapper.cfbundle; includeInIndex = 0; path = ClimbRecorderTests.xctest; sourceTree = BUILT_PRODUCTS_DIR; };
		016BC6161FF4C1D90069DC46 /* ClimbRecorderTests.swift */ = {isa = PBXFileReference; lastKnownFileType = sourcecode.swift; path = ClimbRecorderTests.swift; sourceTree = "<group>"; };
		016BC6181FF4C1D90069DC46 /* Info.plist */ = {isa = PBXFileReference; lastKnownFileType = text.plist.xml; path = Info.plist; sourceTree = "<group>"; };
		016BC6211FF4C3610069DC46 /* GoogleService-Info.plist */ = {isa = PBXFileReference; fileEncoding = 4; lastKnownFileType = text.plist.xml; path = "GoogleService-Info.plist"; sourceTree = "<group>"; };
		016BC6241FF4C50D0069DC46 /* RecorderController.swift */ = {isa = PBXFileReference; lastKnownFileType = sourcecode.swift; path = RecorderController.swift; sourceTree = "<group>"; };
		016BC6261FF58B440069DC46 /* DatabaseManager.swift */ = {isa = PBXFileReference; lastKnownFileType = sourcecode.swift; path = DatabaseManager.swift; sourceTree = "<group>"; };
		2F718D22062EF79E54E9AB5D /* Pods-ClimbRecorder.debug.xcconfig */ = {isa = PBXFileReference; includeInIndex = 1; lastKnownFileType = text.xcconfig; name = "Pods-ClimbRecorder.debug.xcconfig"; path = "Pods/Target Support Files/Pods-ClimbRecorder/Pods-ClimbRecorder.debug.xcconfig"; sourceTree = "<group>"; };
		731614ACDB798182FA219F63 /* Pods_ClimbRecorderTests.framework */ = {isa = PBXFileReference; explicitFileType = wrapper.framework; includeInIndex = 0; path = Pods_ClimbRecorderTests.framework; sourceTree = BUILT_PRODUCTS_DIR; };
		ADE6E2EEBD1C43846DD1A40B /* Pods-ClimbRecorderTests.debug.xcconfig */ = {isa = PBXFileReference; includeInIndex = 1; lastKnownFileType = text.xcconfig; name = "Pods-ClimbRecorderTests.debug.xcconfig"; path = "Pods/Target Support Files/Pods-ClimbRecorderTests/Pods-ClimbRecorderTests.debug.xcconfig"; sourceTree = "<group>"; };
		DA4DC73CBBC48E6F7FCD1D09 /* Pods_ClimbRecorder.framework */ = {isa = PBXFileReference; explicitFileType = wrapper.framework; includeInIndex = 0; path = Pods_ClimbRecorder.framework; sourceTree = BUILT_PRODUCTS_DIR; };
		E4E1B9FCE42C2EE1FEEDD183 /* Pods-ClimbRecorderTests.release.xcconfig */ = {isa = PBXFileReference; includeInIndex = 1; lastKnownFileType = text.xcconfig; name = "Pods-ClimbRecorderTests.release.xcconfig"; path = "Pods/Target Support Files/Pods-ClimbRecorderTests/Pods-ClimbRecorderTests.release.xcconfig"; sourceTree = "<group>"; };
/* End PBXFileReference section */

/* Begin PBXFrameworksBuildPhase section */
		016BC5F81FF4C1D90069DC46 /* Frameworks */ = {
			isa = PBXFrameworksBuildPhase;
			buildActionMask = 2147483647;
			files = (
				4E0413007A7BA70AF2BBA25D /* Pods_ClimbRecorder.framework in Frameworks */,
			);
			runOnlyForDeploymentPostprocessing = 0;
		};
		016BC60F1FF4C1D90069DC46 /* Frameworks */ = {
			isa = PBXFrameworksBuildPhase;
			buildActionMask = 2147483647;
			files = (
				D728C2BAE0993E58DB2B165E /* Pods_ClimbRecorderTests.framework in Frameworks */,
			);
			runOnlyForDeploymentPostprocessing = 0;
		};
/* End PBXFrameworksBuildPhase section */

/* Begin PBXGroup section */
		016BC5F21FF4C1D90069DC46 = {
			isa = PBXGroup;
			children = (
				016BC5FD1FF4C1D90069DC46 /* ClimbRecorder */,
				016BC6151FF4C1D90069DC46 /* ClimbRecorderTests */,
				016BC5FC1FF4C1D90069DC46 /* Products */,
				1B0902DF30470CA2473141E7 /* Pods */,
				72379B269BD9D9DF8DE47175 /* Frameworks */,
			);
			sourceTree = "<group>";
		};
		016BC5FC1FF4C1D90069DC46 /* Products */ = {
			isa = PBXGroup;
			children = (
				016BC5FB1FF4C1D90069DC46 /* ClimbRecorder.app */,
				016BC6121FF4C1D90069DC46 /* ClimbRecorderTests.xctest */,
			);
			name = Products;
			sourceTree = "<group>";
		};
		016BC5FD1FF4C1D90069DC46 /* ClimbRecorder */ = {
			isa = PBXGroup;
			children = (
				016BC5FE1FF4C1D90069DC46 /* AppDelegate.swift */,
				016BC6261FF58B440069DC46 /* DatabaseManager.swift */,
				01293CC01FF8840D00A5E878 /* ReadingManager.swift */,
				016BC6231FF4C4EC0069DC46 /* controllers */,
				016BC6021FF4C1D90069DC46 /* Main.storyboard */,
				016BC60A1FF4C1D90069DC46 /* LaunchScreen.storyboard */,
				016BC6081FF4C1D90069DC46 /* Assets.xcassets */,
				016BC60D1FF4C1D90069DC46 /* Info.plist */,
				016BC6051FF4C1D90069DC46 /* ClimbRecorder.xcdatamodeld */,
				016BC6211FF4C3610069DC46 /* GoogleService-Info.plist */,
				01293CC21FF88D2500A5E878 /* Service.swift */,
			);
			path = ClimbRecorder;
			sourceTree = "<group>";
		};
		016BC6151FF4C1D90069DC46 /* ClimbRecorderTests */ = {
			isa = PBXGroup;
			children = (
				016BC6161FF4C1D90069DC46 /* ClimbRecorderTests.swift */,
				016BC6181FF4C1D90069DC46 /* Info.plist */,
			);
			path = ClimbRecorderTests;
			sourceTree = "<group>";
		};
		016BC6231FF4C4EC0069DC46 /* controllers */ = {
			isa = PBXGroup;
			children = (
				016BC6241FF4C50D0069DC46 /* RecorderController.swift */,
			);
			path = controllers;
			sourceTree = "<group>";
		};
		1B0902DF30470CA2473141E7 /* Pods */ = {
			isa = PBXGroup;
			children = (
				2F718D22062EF79E54E9AB5D /* Pods-ClimbRecorder.debug.xcconfig */,
				0137A35E290B04B13208FBA0 /* Pods-ClimbRecorder.release.xcconfig */,
				ADE6E2EEBD1C43846DD1A40B /* Pods-ClimbRecorderTests.debug.xcconfig */,
				E4E1B9FCE42C2EE1FEEDD183 /* Pods-ClimbRecorderTests.release.xcconfig */,
			);
			name = Pods;
			sourceTree = "<group>";
		};
		72379B269BD9D9DF8DE47175 /* Frameworks */ = {
			isa = PBXGroup;
			children = (
				DA4DC73CBBC48E6F7FCD1D09 /* Pods_ClimbRecorder.framework */,
				731614ACDB798182FA219F63 /* Pods_ClimbRecorderTests.framework */,
			);
			name = Frameworks;
			sourceTree = "<group>";
		};
/* End PBXGroup section */

/* Begin PBXNativeTarget section */
		016BC5FA1FF4C1D90069DC46 /* ClimbRecorder */ = {
			isa = PBXNativeTarget;
			buildConfigurationList = 016BC61B1FF4C1D90069DC46 /* Build configuration list for PBXNativeTarget "ClimbRecorder" */;
			buildPhases = (
				A56439ED50F2ED226580ED09 /* [CP] Check Pods Manifest.lock */,
				016BC5F71FF4C1D90069DC46 /* Sources */,
				016BC5F81FF4C1D90069DC46 /* Frameworks */,
				016BC5F91FF4C1D90069DC46 /* Resources */,
				8F1558040DA13395E8AA7666 /* [CP] Embed Pods Frameworks */,
				B4C0016BB9425BEF4405D275 /* [CP] Copy Pods Resources */,
			);
			buildRules = (
			);
			dependencies = (
			);
			name = ClimbRecorder;
			productName = ClimbRecorder;
			productReference = 016BC5FB1FF4C1D90069DC46 /* ClimbRecorder.app */;
			productType = "com.apple.product-type.application";
		};
		016BC6111FF4C1D90069DC46 /* ClimbRecorderTests */ = {
			isa = PBXNativeTarget;
			buildConfigurationList = 016BC61E1FF4C1D90069DC46 /* Build configuration list for PBXNativeTarget "ClimbRecorderTests" */;
			buildPhases = (
				A6A5FAD2530F1A655BD51287 /* [CP] Check Pods Manifest.lock */,
				016BC60E1FF4C1D90069DC46 /* Sources */,
				016BC60F1FF4C1D90069DC46 /* Frameworks */,
				016BC6101FF4C1D90069DC46 /* Resources */,
				5832A540CCAAE4AFD2094EAD /* [CP] Embed Pods Frameworks */,
				CDD0112F1A780E8904402425 /* [CP] Copy Pods Resources */,
			);
			buildRules = (
			);
			dependencies = (
				016BC6141FF4C1D90069DC46 /* PBXTargetDependency */,
			);
			name = ClimbRecorderTests;
			productName = ClimbRecorderTests;
			productReference = 016BC6121FF4C1D90069DC46 /* ClimbRecorderTests.xctest */;
			productType = "com.apple.product-type.bundle.unit-test";
		};
/* End PBXNativeTarget section */

/* Begin PBXProject section */
		016BC5F31FF4C1D90069DC46 /* Project object */ = {
			isa = PBXProject;
			attributes = {
				LastSwiftUpdateCheck = 0920;
				LastUpgradeCheck = 0920;
				ORGANIZATIONNAME = "Frank Vumbaca";
				TargetAttributes = {
					016BC5FA1FF4C1D90069DC46 = {
						CreatedOnToolsVersion = 9.2;
						ProvisioningStyle = Automatic;
					};
					016BC6111FF4C1D90069DC46 = {
						CreatedOnToolsVersion = 9.2;
						ProvisioningStyle = Automatic;
						TestTargetID = 016BC5FA1FF4C1D90069DC46;
					};
				};
			};
			buildConfigurationList = 016BC5F61FF4C1D90069DC46 /* Build configuration list for PBXProject "ClimbRecorder" */;
			compatibilityVersion = "Xcode 8.0";
			developmentRegion = en;
			hasScannedForEncodings = 0;
			knownRegions = (
				en,
				Base,
			);
			mainGroup = 016BC5F21FF4C1D90069DC46;
			productRefGroup = 016BC5FC1FF4C1D90069DC46 /* Products */;
			projectDirPath = "";
			projectRoot = "";
			targets = (
				016BC5FA1FF4C1D90069DC46 /* ClimbRecorder */,
				016BC6111FF4C1D90069DC46 /* ClimbRecorderTests */,
			);
		};
/* End PBXProject section */

/* Begin PBXResourcesBuildPhase section */
		016BC5F91FF4C1D90069DC46 /* Resources */ = {
			isa = PBXResourcesBuildPhase;
			buildActionMask = 2147483647;
			files = (
				016BC60C1FF4C1D90069DC46 /* LaunchScreen.storyboard in Resources */,
				016BC6221FF4C3610069DC46 /* GoogleService-Info.plist in Resources */,
				016BC6091FF4C1D90069DC46 /* Assets.xcassets in Resources */,
				016BC6041FF4C1D90069DC46 /* Main.storyboard in Resources */,
			);
			runOnlyForDeploymentPostprocessing = 0;
		};
		016BC6101FF4C1D90069DC46 /* Resources */ = {
			isa = PBXResourcesBuildPhase;
			buildActionMask = 2147483647;
			files = (
			);
			runOnlyForDeploymentPostprocessing = 0;
		};
/* End PBXResourcesBuildPhase section */

/* Begin PBXShellScriptBuildPhase section */
		5832A540CCAAE4AFD2094EAD /* [CP] Embed Pods Frameworks */ = {
			isa = PBXShellScriptBuildPhase;
			buildActionMask = 2147483647;
			files = (
			);
			inputPaths = (
			);
			name = "[CP] Embed Pods Frameworks";
			outputPaths = (
			);
			runOnlyForDeploymentPostprocessing = 0;
			shellPath = /bin/sh;
			shellScript = "\"${SRCROOT}/Pods/Target Support Files/Pods-ClimbRecorderTests/Pods-ClimbRecorderTests-frameworks.sh\"\n";
			showEnvVarsInLog = 0;
		};
		8F1558040DA13395E8AA7666 /* [CP] Embed Pods Frameworks */ = {
			isa = PBXShellScriptBuildPhase;
			buildActionMask = 2147483647;
			files = (
			);
			inputPaths = (
				"${SRCROOT}/Pods/Target Support Files/Pods-ClimbRecorder/Pods-ClimbRecorder-frameworks.sh",
				"${BUILT_PRODUCTS_DIR}/GTMSessionFetcher/GTMSessionFetcher.framework",
				"${BUILT_PRODUCTS_DIR}/GoogleToolboxForMac/GoogleToolboxForMac.framework",
				"${BUILT_PRODUCTS_DIR}/nanopb/nanopb.framework",
			);
			name = "[CP] Embed Pods Frameworks";
			outputPaths = (
				"${TARGET_BUILD_DIR}/${FRAMEWORKS_FOLDER_PATH}/GTMSessionFetcher.framework",
				"${TARGET_BUILD_DIR}/${FRAMEWORKS_FOLDER_PATH}/GoogleToolboxForMac.framework",
				"${TARGET_BUILD_DIR}/${FRAMEWORKS_FOLDER_PATH}/nanopb.framework",
			);
			runOnlyForDeploymentPostprocessing = 0;
			shellPath = /bin/sh;
			shellScript = "\"${SRCROOT}/Pods/Target Support Files/Pods-ClimbRecorder/Pods-ClimbRecorder-frameworks.sh\"\n";
			showEnvVarsInLog = 0;
		};
		A56439ED50F2ED226580ED09 /* [CP] Check Pods Manifest.lock */ = {
			isa = PBXShellScriptBuildPhase;
			buildActionMask = 2147483647;
			files = (
			);
			inputPaths = (
				"${PODS_PODFILE_DIR_PATH}/Podfile.lock",
				"${PODS_ROOT}/Manifest.lock",
			);
			name = "[CP] Check Pods Manifest.lock";
			outputPaths = (
				"$(DERIVED_FILE_DIR)/Pods-ClimbRecorder-checkManifestLockResult.txt",
			);
			runOnlyForDeploymentPostprocessing = 0;
			shellPath = /bin/sh;
			shellScript = "diff \"${PODS_PODFILE_DIR_PATH}/Podfile.lock\" \"${PODS_ROOT}/Manifest.lock\" > /dev/null\nif [ $? != 0 ] ; then\n    # print error to STDERR\n    echo \"error: The sandbox is not in sync with the Podfile.lock. Run 'pod install' or update your CocoaPods installation.\" >&2\n    exit 1\nfi\n# This output is used by Xcode 'outputs' to avoid re-running this script phase.\necho \"SUCCESS\" > \"${SCRIPT_OUTPUT_FILE_0}\"\n";
			showEnvVarsInLog = 0;
		};
		A6A5FAD2530F1A655BD51287 /* [CP] Check Pods Manifest.lock */ = {
			isa = PBXShellScriptBuildPhase;
			buildActionMask = 2147483647;
			files = (
			);
			inputPaths = (
				"${PODS_PODFILE_DIR_PATH}/Podfile.lock",
				"${PODS_ROOT}/Manifest.lock",
			);
			name = "[CP] Check Pods Manifest.lock";
			outputPaths = (
				"$(DERIVED_FILE_DIR)/Pods-ClimbRecorderTests-checkManifestLockResult.txt",
			);
			runOnlyForDeploymentPostprocessing = 0;
			shellPath = /bin/sh;
			shellScript = "diff \"${PODS_PODFILE_DIR_PATH}/Podfile.lock\" \"${PODS_ROOT}/Manifest.lock\" > /dev/null\nif [ $? != 0 ] ; then\n    # print error to STDERR\n    echo \"error: The sandbox is not in sync with the Podfile.lock. Run 'pod install' or update your CocoaPods installation.\" >&2\n    exit 1\nfi\n# This output is used by Xcode 'outputs' to avoid re-running this script phase.\necho \"SUCCESS\" > \"${SCRIPT_OUTPUT_FILE_0}\"\n";
			showEnvVarsInLog = 0;
		};
		B4C0016BB9425BEF4405D275 /* [CP] Copy Pods Resources */ = {
			isa = PBXShellScriptBuildPhase;
			buildActionMask = 2147483647;
			files = (
			);
			inputPaths = (
			);
			name = "[CP] Copy Pods Resources";
			outputPaths = (
			);
			runOnlyForDeploymentPostprocessing = 0;
			shellPath = /bin/sh;
			shellScript = "\"${SRCROOT}/Pods/Target Support Files/Pods-ClimbRecorder/Pods-ClimbRecorder-resources.sh\"\n";
			showEnvVarsInLog = 0;
		};
		CDD0112F1A780E8904402425 /* [CP] Copy Pods Resources */ = {
			isa = PBXShellScriptBuildPhase;
			buildActionMask = 2147483647;
			files = (
			);
			inputPaths = (
			);
			name = "[CP] Copy Pods Resources";
			outputPaths = (
			);
			runOnlyForDeploymentPostprocessing = 0;
			shellPath = /bin/sh;
			shellScript = "\"${SRCROOT}/Pods/Target Support Files/Pods-ClimbRecorderTests/Pods-ClimbRecorderTests-resources.sh\"\n";
			showEnvVarsInLog = 0;
		};
/* End PBXShellScriptBuildPhase section */

/* Begin PBXSourcesBuildPhase section */
		016BC5F71FF4C1D90069DC46 /* Sources */ = {
			isa = PBXSourcesBuildPhase;
			buildActionMask = 2147483647;
			files = (
				016BC6271FF58B440069DC46 /* DatabaseManager.swift in Sources */,
				016BC6251FF4C50D0069DC46 /* RecorderController.swift in Sources */,
				01293CC11FF8840D00A5E878 /* ReadingManager.swift in Sources */,
				016BC6071FF4C1D90069DC46 /* ClimbRecorder.xcdatamodeld in Sources */,
				016BC5FF1FF4C1D90069DC46 /* AppDelegate.swift in Sources */,
				01293CC31FF88D2500A5E878 /* Service.swift in Sources */,
			);
			runOnlyForDeploymentPostprocessing = 0;
		};
		016BC60E1FF4C1D90069DC46 /* Sources */ = {
			isa = PBXSourcesBuildPhase;
			buildActionMask = 2147483647;
			files = (
				016BC6171FF4C1D90069DC46 /* ClimbRecorderTests.swift in Sources */,
			);
			runOnlyForDeploymentPostprocessing = 0;
		};
/* End PBXSourcesBuildPhase section */

/* Begin PBXTargetDependency section */
		016BC6141FF4C1D90069DC46 /* PBXTargetDependency */ = {
			isa = PBXTargetDependency;
			target = 016BC5FA1FF4C1D90069DC46 /* ClimbRecorder */;
			targetProxy = 016BC6131FF4C1D90069DC46 /* PBXContainerItemProxy */;
		};
/* End PBXTargetDependency section */

/* Begin PBXVariantGroup section */
		016BC6021FF4C1D90069DC46 /* Main.storyboard */ = {
			isa = PBXVariantGroup;
			children = (
				016BC6031FF4C1D90069DC46 /* Base */,
			);
			name = Main.storyboard;
			sourceTree = "<group>";
		};
		016BC60A1FF4C1D90069DC46 /* LaunchScreen.storyboard */ = {
			isa = PBXVariantGroup;
			children = (
				016BC60B1FF4C1D90069DC46 /* Base */,
			);
			name = LaunchScreen.storyboard;
			sourceTree = "<group>";
		};
/* End PBXVariantGroup section */

/* Begin XCBuildConfiguration section */
		016BC6191FF4C1D90069DC46 /* Debug */ = {
			isa = XCBuildConfiguration;
			buildSettings = {
				ALWAYS_SEARCH_USER_PATHS = NO;
				CLANG_ANALYZER_NONNULL = YES;
				CLANG_ANALYZER_NUMBER_OBJECT_CONVERSION = YES_AGGRESSIVE;
				CLANG_CXX_LANGUAGE_STANDARD = "gnu++14";
				CLANG_CXX_LIBRARY = "libc++";
				CLANG_ENABLE_MODULES = YES;
				CLANG_ENABLE_OBJC_ARC = YES;
				CLANG_WARN_BLOCK_CAPTURE_AUTORELEASING = YES;
				CLANG_WARN_BOOL_CONVERSION = YES;
				CLANG_WARN_COMMA = YES;
				CLANG_WARN_CONSTANT_CONVERSION = YES;
				CLANG_WARN_DIRECT_OBJC_ISA_USAGE = YES_ERROR;
				CLANG_WARN_DOCUMENTATION_COMMENTS = YES;
				CLANG_WARN_EMPTY_BODY = YES;
				CLANG_WARN_ENUM_CONVERSION = YES;
				CLANG_WARN_INFINITE_RECURSION = YES;
				CLANG_WARN_INT_CONVERSION = YES;
				CLANG_WARN_NON_LITERAL_NULL_CONVERSION = YES;
				CLANG_WARN_OBJC_LITERAL_CONVERSION = YES;
				CLANG_WARN_OBJC_ROOT_CLASS = YES_ERROR;
				CLANG_WARN_RANGE_LOOP_ANALYSIS = YES;
				CLANG_WARN_STRICT_PROTOTYPES = YES;
				CLANG_WARN_SUSPICIOUS_MOVE = YES;
				CLANG_WARN_UNGUARDED_AVAILABILITY = YES_AGGRESSIVE;
				CLANG_WARN_UNREACHABLE_CODE = YES;
				CLANG_WARN__DUPLICATE_METHOD_MATCH = YES;
				CODE_SIGN_IDENTITY = "iPhone Developer";
				COPY_PHASE_STRIP = NO;
				DEBUG_INFORMATION_FORMAT = dwarf;
				ENABLE_STRICT_OBJC_MSGSEND = YES;
				ENABLE_TESTABILITY = YES;
				GCC_C_LANGUAGE_STANDARD = gnu11;
				GCC_DYNAMIC_NO_PIC = NO;
				GCC_NO_COMMON_BLOCKS = YES;
				GCC_OPTIMIZATION_LEVEL = 0;
				GCC_PREPROCESSOR_DEFINITIONS = (
					"DEBUG=1",
					"$(inherited)",
				);
				GCC_WARN_64_TO_32_BIT_CONVERSION = YES;
				GCC_WARN_ABOUT_RETURN_TYPE = YES_ERROR;
				GCC_WARN_UNDECLARED_SELECTOR = YES;
				GCC_WARN_UNINITIALIZED_AUTOS = YES_AGGRESSIVE;
				GCC_WARN_UNUSED_FUNCTION = YES;
				GCC_WARN_UNUSED_VARIABLE = YES;
				IPHONEOS_DEPLOYMENT_TARGET = 11.2;
				MTL_ENABLE_DEBUG_INFO = YES;
				ONLY_ACTIVE_ARCH = YES;
				SDKROOT = iphoneos;
				SWIFT_ACTIVE_COMPILATION_CONDITIONS = DEBUG;
				SWIFT_OPTIMIZATION_LEVEL = "-Onone";
			};
			name = Debug;
		};
		016BC61A1FF4C1D90069DC46 /* Release */ = {
			isa = XCBuildConfiguration;
			buildSettings = {
				ALWAYS_SEARCH_USER_PATHS = NO;
				CLANG_ANALYZER_NONNULL = YES;
				CLANG_ANALYZER_NUMBER_OBJECT_CONVERSION = YES_AGGRESSIVE;
				CLANG_CXX_LANGUAGE_STANDARD = "gnu++14";
				CLANG_CXX_LIBRARY = "libc++";
				CLANG_ENABLE_MODULES = YES;
				CLANG_ENABLE_OBJC_ARC = YES;
				CLANG_WARN_BLOCK_CAPTURE_AUTORELEASING = YES;
				CLANG_WARN_BOOL_CONVERSION = YES;
				CLANG_WARN_COMMA = YES;
				CLANG_WARN_CONSTANT_CONVERSION = YES;
				CLANG_WARN_DIRECT_OBJC_ISA_USAGE = YES_ERROR;
				CLANG_WARN_DOCUMENTATION_COMMENTS = YES;
				CLANG_WARN_EMPTY_BODY = YES;
				CLANG_WARN_ENUM_CONVERSION = YES;
				CLANG_WARN_INFINITE_RECURSION = YES;
				CLANG_WARN_INT_CONVERSION = YES;
				CLANG_WARN_NON_LITERAL_NULL_CONVERSION = YES;
				CLANG_WARN_OBJC_LITERAL_CONVERSION = YES;
				CLANG_WARN_OBJC_ROOT_CLASS = YES_ERROR;
				CLANG_WARN_RANGE_LOOP_ANALYSIS = YES;
				CLANG_WARN_STRICT_PROTOTYPES = YES;
				CLANG_WARN_SUSPICIOUS_MOVE = YES;
				CLANG_WARN_UNGUARDED_AVAILABILITY = YES_AGGRESSIVE;
				CLANG_WARN_UNREACHABLE_CODE = YES;
				CLANG_WARN__DUPLICATE_METHOD_MATCH = YES;
				CODE_SIGN_IDENTITY = "iPhone Developer";
				COPY_PHASE_STRIP = NO;
				DEBUG_INFORMATION_FORMAT = "dwarf-with-dsym";
				ENABLE_NS_ASSERTIONS = NO;
				ENABLE_STRICT_OBJC_MSGSEND = YES;
				GCC_C_LANGUAGE_STANDARD = gnu11;
				GCC_NO_COMMON_BLOCKS = YES;
				GCC_WARN_64_TO_32_BIT_CONVERSION = YES;
				GCC_WARN_ABOUT_RETURN_TYPE = YES_ERROR;
				GCC_WARN_UNDECLARED_SELECTOR = YES;
				GCC_WARN_UNINITIALIZED_AUTOS = YES_AGGRESSIVE;
				GCC_WARN_UNUSED_FUNCTION = YES;
				GCC_WARN_UNUSED_VARIABLE = YES;
				IPHONEOS_DEPLOYMENT_TARGET = 11.2;
				MTL_ENABLE_DEBUG_INFO = NO;
				SDKROOT = iphoneos;
				SWIFT_OPTIMIZATION_LEVEL = "-Owholemodule";
				VALIDATE_PRODUCT = YES;
			};
			name = Release;
		};
		016BC61C1FF4C1D90069DC46 /* Debug */ = {
			isa = XCBuildConfiguration;
			baseConfigurationReference = 2F718D22062EF79E54E9AB5D /* Pods-ClimbRecorder.debug.xcconfig */;
			buildSettings = {
				ASSETCATALOG_COMPILER_APPICON_NAME = AppIcon;
				CODE_SIGN_STYLE = Automatic;
				DEVELOPMENT_TEAM = 7QP64G3DC5;
				INFOPLIST_FILE = ClimbRecorder/Info.plist;
				LD_RUNPATH_SEARCH_PATHS = "$(inherited) @executable_path/Frameworks";
				PRODUCT_BUNDLE_IDENTIFIER = io.fvumbaca.ClimbRecorder;
				PRODUCT_NAME = "$(TARGET_NAME)";
				SWIFT_VERSION = 4.0;
				TARGETED_DEVICE_FAMILY = "1,2";
			};
			name = Debug;
		};
		016BC61D1FF4C1D90069DC46 /* Release */ = {
			isa = XCBuildConfiguration;
			baseConfigurationReference = 0137A35E290B04B13208FBA0 /* Pods-ClimbRecorder.release.xcconfig */;
			buildSettings = {
				ASSETCATALOG_COMPILER_APPICON_NAME = AppIcon;
				CODE_SIGN_STYLE = Automatic;
				DEVELOPMENT_TEAM = 7QP64G3DC5;
				INFOPLIST_FILE = ClimbRecorder/Info.plist;
				LD_RUNPATH_SEARCH_PATHS = "$(inherited) @executable_path/Frameworks";
				PRODUCT_BUNDLE_IDENTIFIER = io.fvumbaca.ClimbRecorder;
				PRODUCT_NAME = "$(TARGET_NAME)";
				SWIFT_VERSION = 4.0;
				TARGETED_DEVICE_FAMILY = "1,2";
			};
			name = Release;
		};
		016BC61F1FF4C1D90069DC46 /* Debug */ = {
			isa = XCBuildConfiguration;
			baseConfigurationReference = ADE6E2EEBD1C43846DD1A40B /* Pods-ClimbRecorderTests.debug.xcconfig */;
			buildSettings = {
				ALWAYS_EMBED_SWIFT_STANDARD_LIBRARIES = YES;
				BUNDLE_LOADER = "$(TEST_HOST)";
				CODE_SIGN_STYLE = Automatic;
				DEVELOPMENT_TEAM = 7QP64G3DC5;
				INFOPLIST_FILE = ClimbRecorderTests/Info.plist;
				LD_RUNPATH_SEARCH_PATHS = "$(inherited) @executable_path/Frameworks @loader_path/Frameworks";
				PRODUCT_BUNDLE_IDENTIFIER = io.fvumbaca.ClimbRecorderTests;
				PRODUCT_NAME = "$(TARGET_NAME)";
				SWIFT_VERSION = 4.0;
				TARGETED_DEVICE_FAMILY = "1,2";
				TEST_HOST = "$(BUILT_PRODUCTS_DIR)/ClimbRecorder.app/ClimbRecorder";
			};
			name = Debug;
		};
		016BC6201FF4C1D90069DC46 /* Release */ = {
			isa = XCBuildConfiguration;
			baseConfigurationReference = E4E1B9FCE42C2EE1FEEDD183 /* Pods-ClimbRecorderTests.release.xcconfig */;
			buildSettings = {
				ALWAYS_EMBED_SWIFT_STANDARD_LIBRARIES = YES;
				BUNDLE_LOADER = "$(TEST_HOST)";
				CODE_SIGN_STYLE = Automatic;
				DEVELOPMENT_TEAM = 7QP64G3DC5;
				INFOPLIST_FILE = ClimbRecorderTests/Info.plist;
				LD_RUNPATH_SEARCH_PATHS = "$(inherited) @executable_path/Frameworks @loader_path/Frameworks";
				PRODUCT_BUNDLE_IDENTIFIER = io.fvumbaca.ClimbRecorderTests;
				PRODUCT_NAME = "$(TARGET_NAME)";
				SWIFT_VERSION = 4.0;
				TARGETED_DEVICE_FAMILY = "1,2";
				TEST_HOST = "$(BUILT_PRODUCTS_DIR)/ClimbRecorder.app/ClimbRecorder";
			};
			name = Release;
		};
/* End XCBuildConfiguration section */

/* Begin XCConfigurationList section */
		016BC5F61FF4C1D90069DC46 /* Build configuration list for PBXProject "ClimbRecorder" */ = {
			isa = XCConfigurationList;
			buildConfigurations = (
				016BC6191FF4C1D90069DC46 /* Debug */,
				016BC61A1FF4C1D90069DC46 /* Release */,
			);
			defaultConfigurationIsVisible = 0;
			defaultConfigurationName = Release;
		};
		016BC61B1FF4C1D90069DC46 /* Build configuration list for PBXNativeTarget "ClimbRecorder" */ = {
			isa = XCConfigurationList;
			buildConfigurations = (
				016BC61C1FF4C1D90069DC46 /* Debug */,
				016BC61D1FF4C1D90069DC46 /* Release */,
			);
			defaultConfigurationIsVisible = 0;
			defaultConfigurationName = Release;
		};
		016BC61E1FF4C1D90069DC46 /* Build configuration list for PBXNativeTarget "ClimbRecorderTests" */ = {
			isa = XCConfigurationList;
			buildConfigurations = (
				016BC61F1FF4C1D90069DC46 /* Debug */,
				016BC6201FF4C1D90069DC46 /* Release */,
			);
			defaultConfigurationIsVisible = 0;
			defaultConfigurationName = Release;
		};
/* End XCConfigurationList section */

/* Begin XCVersionGroup section */
		016BC6051FF4C1D90069DC46 /* ClimbRecorder.xcdatamodeld */ = {
			isa = XCVersionGroup;
			children = (
				016BC6061FF4C1D90069DC46 /* ClimbRecorder.xcdatamodel */,
			);
			currentVersion = 016BC6061FF4C1D90069DC46 /* ClimbRecorder.xcdatamodel */;
			path = ClimbRecorder.xcdatamodeld;
			sourceTree = "<group>";
			versionGroupType = wrapper.xcdatamodel;
		};
/* End XCVersionGroup section */
	};
	rootObject = 016BC5F31FF4C1D90069DC46 /* Project object */;
}
